
Microsoft Visual Studio Solution File, Format Version 12.00
# Visual Studio Version 16
VisualStudioVersion = 16.0.30907.101
MinimumVisualStudioVersion = 10.0.40219.1
Project("{FAE04EC0-301F-11D3-BF4B-00C04F79EFBC}") = "WebShop", "WebShop.csproj", "{48AED90C-BABA-4C44-B6A9-CACA97AAE937}"
EndProject
Global
	GlobalSection(SolutionConfigurationPlatforms) = preSolution
		Debug|Any CPU = Debug|Any CPU
		Release|Any CPU = Release|Any CPU
	EndGlobalSection
	GlobalSection(ProjectConfigurationPlatforms) = postSolution
		{48AED90C-BABA-4C44-B6A9-CACA97AAE937}.Debug|Any CPU.ActiveCfg = Debug|Any CPU
		{48AED90C-BABA-4C44-B6A9-CACA97AAE937}.Debug|Any CPU.Build.0 = Debug|Any CPU
		{48AED90C-BABA-4C44-B6A9-CACA97AAE937}.Release|Any CPU.ActiveCfg = Release|Any CPU
		{48AED90C-BABA-4C44-B6A9-CACA97AAE937}.Release|Any CPU.Build.0 = Release|Any CPU
	EndGlobalSection
	GlobalSection(SolutionProperties) = preSolution
		HideSolutionNode = FALSE
	EndGlobalSection
	GlobalSection(ExtensibilityGlobals) = postSolution
		SolutionGuid = {20D70370-6ADA-400E-92CC-CBA12D503277}
	EndGlobalSection
EndGlobal
